github.com/armon/go-radix v1.0.0 h1:F4z6KzEeeQIMeLFa97iZU6vupzoecKdU5TX24SNppXI=
github.com/arriqaaq/aol v0.1.2 h1:uGEMA1mYu968vmRUSE9d2++YUaDGObbBN1QzD6RlgC4=
github.com/arriqaaq/aol v0.1.2/go.mod h1:GQ7Jdsp3RYIbUsovCh0XdIbRj0mvBNBFQeIfL1oKKKE=
github.com/arriqaaq/art v0.1.1 h1:RPrzuaAkIkBAHvfqubVCFu5+IDyn0Lk8BIkAHWRJ+Ns=
github.com/arriqaaq/art v0.1.1/go.mod h1:11r05D8a+owc6lTpI/yVypn16g7LrsVif+8lU9riSDM=
github.com/arriqaaq/flashdb v0.1.6 h1:3aQlCl2rql2LXPn+rGSjnmrMLnpcZtv2xlfkUZ2zJz4=
github.com/arriqaaq/flashdb v0.1.6/go.mod h1:pHq2x7sAZoRopqp/jV3hFXJ5aA48+vTe91cTi6Zl1mg=
github.com/arriqaaq/hash v0.1.2 h1:q/Az5T00nkqEc/XhlnrGcPeZBmgBM5ktKi26nr70s9c=
github.com/arriqaaq/hash v0.1.2/go.mod h1:WB3wOwaJdkNPb8DX+J2YHivF9y+sJkXhM1B4gH7xphE=
github.com/arriqaaq/set v0.1.2 h1:uiIarvVXvsAWr/RQ4L9C7HgOXh4jteaBeFMwU/faWlk=
github.com/arriqaaq/set v0.1.2/go.mod h1:Sj43MSlXuSY6tqVu2XZ1jf30fQylGp3FCM2O6qFBSd8=
github.com/arriqaaq/skiplist v0.1.6 h1:OtJ/6pcMFYnV22RwFUbz8CophthySLRq0vVAfWRAvzc=
github.com/arriqaaq/zset v0.1.2 h1:vF/B95Unz/zA0Ttmc1XHCQVyxIXd7B6PNc3H4aCOdyo=
github.com/arriqaaq/zset v0.1.2/go.mod h1:5DoabYGc0lHZnhhzZoYawG015X7i+bphIsa6qEekFuI=
github.com/davecgh/go-spew v1.1.0 h1:ZDRjVQ15GmhC3fiQ8ni8+OwkZQO4DARzQgrnXU1Liz8=
github.com/pmezard/go-difflib v1.0.0 h1:4DBwDE0NGyQoBHbLQYPwSUPoCMWR5BEzIk/f1lZbAQM=
github.com/stretchr/testify v1.7.1 h1:5TQK59W5E3v0r2duFAb7P95B6hEeOyEnHRa8MjYSMTY=
gopkg.in/yaml.v3 v3.0.0-20200313102051-9f266ea9e77c h1:dUUwHk2QECo/6vqA44rthZ8ie2QXMNeKRTHCNY2nXvo=
